
Microsoft Visual Studio Solution File, Format Version 12.00
# Visual Studio 15
VisualStudioVersion = 15.0.28307.1000
MinimumVisualStudioVersion = 10.0.40219.1
Project("{9A19103F-16F7-4668-BE54-9A1E7A4F7556}") = "CursoCSharp", "CursoCSharp\CursoCSharp.csproj", "{DF37FA87-A710-4D86-8A1C-9D8521D21D45}"
EndProject
Project("{FAE04EC0-301F-11D3-BF4B-00C04F79EFBC}") = "Encapsulamento", "Encapsulamento\Encapsulamento.csproj", "{FB86BFC1-09BE-44FD-9A60-D2185027218C}"
EndProject
Global
	GlobalSection(SolutionConfigurationPlatforms) = preSolution
		Debug|Any CPU = Debug|Any CPU
		Release|Any CPU = Release|Any CPU
	EndGlobalSection
	GlobalSection(ProjectConfigurationPlatforms) = postSolution
		{DF37FA87-A710-4D86-8A1C-9D8521D21D45}.Debug|Any CPU.ActiveCfg = Debug|Any CPU
		{DF37FA87-A710-4D86-8A1C-9D8521D21D45}.Debug|Any CPU.Build.0 = Debug|Any CPU
		{DF37FA87-A710-4D86-8A1C-9D8521D21D45}.Release|Any CPU.ActiveCfg = Release|Any CPU
		{DF37FA87-A710-4D86-8A1C-9D8521D21D45}.Release|Any CPU.Build.0 = Release|Any CPU
		{FB86BFC1-09BE-44FD-9A60-D2185027218C}.Debug|Any CPU.ActiveCfg = Debug|Any CPU
		{FB86BFC1-09BE-44FD-9A60-D2185027218C}.Debug|Any CPU.Build.0 = Debug|Any CPU
		{FB86BFC1-09BE-44FD-9A60-D2185027218C}.Release|Any CPU.ActiveCfg = Release|Any CPU
		{FB86BFC1-09BE-44FD-9A60-D2185027218C}.Release|Any CPU.Build.0 = Release|Any CPU
	EndGlobalSection
	GlobalSection(SolutionProperties) = preSolution
		HideSolutionNode = FALSE
	EndGlobalSection
	GlobalSection(ExtensibilityGlobals) = postSolution
		SolutionGuid = {8CC6CA9D-A688-4AEA-8C6D-A3426A4DD09D}
	EndGlobalSection
EndGlobal
